// !$*UTF8*$!
{
	archiveVersion = 1;
	classes = {
	};
	objectVersion = 56;
	objects = {

/* Begin PBXBuildFile section */
		73EEA87D29511E5E003CF3DA /* CaloriesMeasurementApp.swift in Sources */ = {isa = PBXBuildFile; fileRef = 73EEA87C29511E5E003CF3DA /* CaloriesMeasurementApp.swift */; };
		73EEA87F29511E5E003CF3DA /* ContentView.swift in Sources */ = {isa = PBXBuildFile; fileRef = 73EEA87E29511E5E003CF3DA /* ContentView.swift */; };
		73EEA88129511E5F003CF3DA /* Assets.xcassets in Resources */ = {isa = PBXBuildFile; fileRef = 73EEA88029511E5F003CF3DA /* Assets.xcassets */; };
		73EEA88429511E5F003CF3DA /* Preview Assets.xcassets in Resources */ = {isa = PBXBuildFile; fileRef = 73EEA88329511E5F003CF3DA /* Preview Assets.xcassets */; };
		73EEA8AA29511F68003CF3DA /* TimeFormatting.swift in Sources */ = {isa = PBXBuildFile; fileRef = 73EEA8A929511F68003CF3DA /* TimeFormatting.swift */; };
		73EEA8B029512004003CF3DA /* AddFoodView.swift in Sources */ = {isa = PBXBuildFile; fileRef = 73EEA8AF29512004003CF3DA /* AddFoodView.swift */; };
		73EEA8B22951201A003CF3DA /* EditFoodView.swift in Sources */ = {isa = PBXBuildFile; fileRef = 73EEA8B12951201A003CF3DA /* EditFoodView.swift */; };
		73EEA8B529512077003CF3DA /* DataController.swift in Sources */ = {isa = PBXBuildFile; fileRef = 73EEA8B429512077003CF3DA /* DataController.swift */; };
		73EEA8B829512096003CF3DA /* FoodModel.xcdatamodeld in Sources */ = {isa = PBXBuildFile; fileRef = 73EEA8B629512096003CF3DA /* FoodModel.xcdatamodeld */; };
		73EEA8BA2951220B003CF3DA /* SplashScreenView.swift in Sources */ = {isa = PBXBuildFile; fileRef = 73EEA8B92951220B003CF3DA /* SplashScreenView.swift */; };
/* End PBXBuildFile section */

/* Begin PBXFileReference section */
		73EEA87929511E5E003CF3DA /* CaloriesMeasurement.app */ = {isa = PBXFileReference; explicitFileType = wrapper.application; includeInIndex = 0; path = CaloriesMeasurement.app; sourceTree = BUILT_PRODUCTS_DIR; };
		73EEA87C29511E5E003CF3DA /* CaloriesMeasurementApp.swift */ = {isa = PBXFileReference; lastKnownFileType = sourcecode.swift; path = CaloriesMeasurementApp.swift; sourceTree = "<group>"; };
		73EEA87E29511E5E003CF3DA /* ContentView.swift */ = {isa = PBXFileReference; lastKnownFileType = sourcecode.swift; path = ContentView.swift; sourceTree = "<group>"; };
		73EEA88029511E5F003CF3DA /* Assets.xcassets */ = {isa = PBXFileReference; lastKnownFileType = folder.assetcatalog; path = Assets.xcassets; sourceTree = "<group>"; };
		73EEA88329511E5F003CF3DA /* Preview Assets.xcassets */ = {isa = PBXFileReference; lastKnownFileType = folder.assetcatalog; path = "Preview Assets.xcassets"; sourceTree = "<group>"; };
		73EEA8A929511F68003CF3DA /* TimeFormatting.swift */ = {isa = PBXFileReference; lastKnownFileType = sourcecode.swift; path = TimeFormatting.swift; sourceTree = "<group>"; };
		73EEA8AF29512004003CF3DA /* AddFoodView.swift */ = {isa = PBXFileReference; lastKnownFileType = sourcecode.swift; path = AddFoodView.swift; sourceTree = "<group>"; };
		73EEA8B12951201A003CF3DA /* EditFoodView.swift */ = {isa = PBXFileReference; lastKnownFileType = sourcecode.swift; path = EditFoodView.swift; sourceTree = "<group>"; };
		73EEA8B429512077003CF3DA /* DataController.swift */ = {isa = PBXFileReference; lastKnownFileType = sourcecode.swift; path = DataController.swift; sourceTree = "<group>"; };
		73EEA8B729512096003CF3DA /* FoodModel.xcdatamodel */ = {isa = PBXFileReference; lastKnownFileType = wrapper.xcdatamodel; path = FoodModel.xcdatamodel; sourceTree = "<group>"; };
		73EEA8B92951220B003CF3DA /* SplashScreenView.swift */ = {isa = PBXFileReference; lastKnownFileType = sourcecode.swift; path = SplashScreenView.swift; sourceTree = "<group>"; };
/* End PBXFileReference section */

/* Begin PBXFrameworksBuildPhase section */
		73EEA87629511E5E003CF3DA /* Frameworks */ = {
			isa = PBXFrameworksBuildPhase;
			buildActionMask = 2147483647;
			files = (
			);
			runOnlyForDeploymentPostprocessing = 0;
		};
/* End PBXFrameworksBuildPhase section */

/* Begin PBXGroup section */
		73EEA87029511E5E003CF3DA = {
			isa = PBXGroup;
			children = (
				73EEA87B29511E5E003CF3DA /* CaloriesMeasurement */,
				73EEA87A29511E5E003CF3DA /* Products */,
				73F826DF29538CFC00201E64 /* Frameworks */,
			);
			sourceTree = "<group>";
		};
		73EEA87A29511E5E003CF3DA /* Products */ = {
			isa = PBXGroup;
			children = (
				73EEA87929511E5E003CF3DA /* CaloriesMeasurement.app */,
			);
			name = Products;
			sourceTree = "<group>";
		};
		73EEA87B29511E5E003CF3DA /* CaloriesMeasurement */ = {
			isa = PBXGroup;
			children = (
				73EEA87C29511E5E003CF3DA /* CaloriesMeasurementApp.swift */,
				73EEA8B329512030003CF3DA /* DataModel */,
				73EEA8A629511ED7003CF3DA /* Helpers */,
				73EEA8A729511EF2003CF3DA /* Views */,
				73EEA88029511E5F003CF3DA /* Assets.xcassets */,
				73EEA88229511E5F003CF3DA /* Preview Content */,
			);
			path = CaloriesMeasurement;
			sourceTree = "<group>";
		};
		73EEA88229511E5F003CF3DA /* Preview Content */ = {
			isa = PBXGroup;
			children = (
				73EEA88329511E5F003CF3DA /* Preview Assets.xcassets */,
			);
			path = "Preview Content";
			sourceTree = "<group>";
		};
		73EEA8A629511ED7003CF3DA /* Helpers */ = {
			isa = PBXGroup;
			children = (
				73EEA8A929511F68003CF3DA /* TimeFormatting.swift */,
			);
			path = Helpers;
			sourceTree = "<group>";
		};
		73EEA8A729511EF2003CF3DA /* Views */ = {
			isa = PBXGroup;
			children = (
				73EEA87E29511E5E003CF3DA /* ContentView.swift */,
				73EEA8B92951220B003CF3DA /* SplashScreenView.swift */,
				73EEA8AF29512004003CF3DA /* AddFoodView.swift */,
				73EEA8B12951201A003CF3DA /* EditFoodView.swift */,
			);
			path = Views;
			sourceTree = "<group>";
		};
		73EEA8B329512030003CF3DA /* DataModel */ = {
			isa = PBXGroup;
			children = (
				73EEA8B429512077003CF3DA /* DataController.swift */,
				73EEA8B629512096003CF3DA /* FoodModel.xcdatamodeld */,
			);
			path = DataModel;
			sourceTree = "<group>";
		};
		73F826DF29538CFC00201E64 /* Frameworks */ = {
			isa = PBXGroup;
			children = (
			);
			name = Frameworks;
			sourceTree = "<group>";
		};
/* End PBXGroup section */

/* Begin PBXNativeTarget section */
		73EEA87829511E5E003CF3DA /* CaloriesMeasurement */ = {
			isa = PBXNativeTarget;
			buildConfigurationList = 73EEA89D29511E5F003CF3DA /* Build configuration list for PBXNativeTarget "CaloriesMeasurement" */;
			buildPhases = (
				73EEA87529511E5E003CF3DA /* Sources */,
				73EEA87629511E5E003CF3DA /* Frameworks */,
				73EEA87729511E5E003CF3DA /* Resources */,
			);
			buildRules = (
			);
			dependencies = (
			);
			name = CaloriesMeasurement;
			productName = CaloriesMeasurement;
			productReference = 73EEA87929511E5E003CF3DA /* CaloriesMeasurement.app */;
			productType = "com.apple.product-type.application";
		};
/* End PBXNativeTarget section */

/* Begin PBXProject section */
		73EEA87129511E5E003CF3DA /* Project object */ = {
			isa = PBXProject;
			attributes = {
				BuildIndependentTargetsInParallel = 1;
				LastSwiftUpdateCheck = 1420;
				LastUpgradeCheck = 1420;
				TargetAttributes = {
					73EEA87829511E5E003CF3DA = {
						CreatedOnToolsVersion = 14.2;
					};
				};
			};
			buildConfigurationList = 73EEA87429511E5E003CF3DA /* Build configuration list for PBXProject "CaloriesMeasurement" */;
			compatibilityVersion = "Xcode 14.0";
			developmentRegion = en;
			hasScannedForEncodings = 0;
			knownRegions = (
				en,
				Base,
			);
			mainGroup = 73EEA87029511E5E003CF3DA;
			productRefGroup = 73EEA87A29511E5E003CF3DA /* Products */;
			projectDirPath = "";
			projectRoot = "";
			targets = (
				73EEA87829511E5E003CF3DA /* CaloriesMeasurement */,
			);
		};
/* End PBXProject section */

/* Begin PBXResourcesBuildPhase section */
		73EEA87729511E5E003CF3DA /* Resources */ = {
			isa = PBXResourcesBuildPhase;
			buildActionMask = 2147483647;
			files = (
				73EEA88429511E5F003CF3DA /* Preview Assets.xcassets in Resources */,
				73EEA88129511E5F003CF3DA /* Assets.xcassets in Resources */,
			);
			runOnlyForDeploymentPostprocessing = 0;
		};
/* End PBXResourcesBuildPhase section */

/* Begin PBXSourcesBuildPhase section */
		73EEA87529511E5E003CF3DA /* Sources */ = {
			isa = PBXSourcesBuildPhase;
			buildActionMask = 2147483647;
			files = (
				73EEA8B529512077003CF3DA /* DataController.swift in Sources */,
				73EEA8B029512004003CF3DA /* AddFoodView.swift in Sources */,
				73EEA87F29511E5E003CF3DA /* ContentView.swift in Sources */,
				73EEA8B22951201A003CF3DA /* EditFoodView.swift in Sources */,
				73EEA87D29511E5E003CF3DA /* CaloriesMeasurementApp.swift in Sources */,
				73EEA8AA29511F68003CF3DA /* TimeFormatting.swift in Sources */,
				73EEA8B829512096003CF3DA /* FoodModel.xcdatamodeld in Sources */,
				73EEA8BA2951220B003CF3DA /* SplashScreenView.swift in Sources */,
			);
			runOnlyForDeploymentPostprocessing = 0;
		};
/* End PBXSourcesBuildPhase section */

/* Begin XCBuildConfiguration section */
		73EEA89B29511E5F003CF3DA /* Debug */ = {
			isa = XCBuildConfiguration;
			buildSettings = {
				ALWAYS_SEARCH_USER_PATHS = NO;
				CLANG_ANALYZER_NONNULL = YES;
				CLANG_ANALYZER_NUMBER_OBJECT_CONVERSION = YES_AGGRESSIVE;
				CLANG_CXX_LANGUAGE_STANDARD = "gnu++20";
				CLANG_ENABLE_MODULES = YES;
				CLANG_ENABLE_OBJC_ARC = YES;
				CLANG_ENABLE_OBJC_WEAK = YES;
				CLANG_WARN_BLOCK_CAPTURE_AUTORELEASING = YES;
				CLANG_WARN_BOOL_CONVERSION = YES;
				CLANG_WARN_COMMA = YES;
				CLANG_WARN_CONSTANT_CONVERSION = YES;
				CLANG_WARN_DEPRECATED_OBJC_IMPLEMENTATIONS = YES;
				CLANG_WARN_DIRECT_OBJC_ISA_USAGE = YES_ERROR;
				CLANG_WARN_DOCUMENTATION_COMMENTS = YES;
				CLANG_WARN_EMPTY_BODY = YES;
				CLANG_WARN_ENUM_CONVERSION = YES;
				CLANG_WARN_INFINITE_RECURSION = YES;
				CLANG_WARN_INT_CONVERSION = YES;
				CLANG_WARN_NON_LITERAL_NULL_CONVERSION = YES;
				CLANG_WARN_OBJC_IMPLICIT_RETAIN_SELF = YES;
				CLANG_WARN_OBJC_LITERAL_CONVERSION = YES;
				CLANG_WARN_OBJC_ROOT_CLASS = YES_ERROR;
				CLANG_WARN_QUOTED_INCLUDE_IN_FRAMEWORK_HEADER = YES;
				CLANG_WARN_RANGE_LOOP_ANALYSIS = YES;
				CLANG_WARN_STRICT_PROTOTYPES = YES;
				CLANG_WARN_SUSPICIOUS_MOVE = YES;
				CLANG_WARN_UNGUARDED_AVAILABILITY = YES_AGGRESSIVE;
				CLANG_WARN_UNREACHABLE_CODE = YES;
				CLANG_WARN__DUPLICATE_METHOD_MATCH = YES;
				COPY_PHASE_STRIP = NO;
				DEBUG_INFORMATION_FORMAT = dwarf;
				ENABLE_STRICT_OBJC_MSGSEND = YES;
				ENABLE_TESTABILITY = YES;
				GCC_C_LANGUAGE_STANDARD = gnu11;
				GCC_DYNAMIC_NO_PIC = NO;
				GCC_NO_COMMON_BLOCKS = YES;
				GCC_OPTIMIZATION_LEVEL = 0;
				GCC_PREPROCESSOR_DEFINITIONS = (
					"DEBUG=1",
					"$(inherited)",
				);
				GCC_WARN_64_TO_32_BIT_CONVERSION = YES;
				GCC_WARN_ABOUT_RETURN_TYPE = YES_ERROR;
				GCC_WARN_UNDECLARED_SELECTOR = YES;
				GCC_WARN_UNINITIALIZED_AUTOS = YES_AGGRESSIVE;
				GCC_WARN_UNUSED_FUNCTION = YES;
				GCC_WARN_UNUSED_VARIABLE = YES;
				IPHONEOS_DEPLOYMENT_TARGET = 16.2;
				MTL_ENABLE_DEBUG_INFO = INCLUDE_SOURCE;
				MTL_FAST_MATH = YES;
				ONLY_ACTIVE_ARCH = YES;
				SDKROOT = iphoneos;
				SWIFT_ACTIVE_COMPILATION_CONDITIONS = DEBUG;
				SWIFT_OPTIMIZATION_LEVEL = "-Onone";
			};
			name = Debug;
		};
		73EEA89C29511E5F003CF3DA /* Release */ = {
			isa = XCBuildConfiguration;
			buildSettings = {
				ALWAYS_SEARCH_USER_PATHS = NO;
				CLANG_ANALYZER_NONNULL = YES;
				CLANG_ANALYZER_NUMBER_OBJECT_CONVERSION = YES_AGGRESSIVE;
				CLANG_CXX_LANGUAGE_STANDARD = "gnu++20";
				CLANG_ENABLE_MODULES = YES;
				CLANG_ENABLE_OBJC_ARC = YES;
				CLANG_ENABLE_OBJC_WEAK = YES;
				CLANG_WARN_BLOCK_CAPTURE_AUTORELEASING = YES;
				CLANG_WARN_BOOL_CONVERSION = YES;
				CLANG_WARN_COMMA = YES;
				CLANG_WARN_CONSTANT_CONVERSION = YES;
				CLANG_WARN_DEPRECATED_OBJC_IMPLEMENTATIONS = YES;
				CLANG_WARN_DIRECT_OBJC_ISA_USAGE = YES_ERROR;
				CLANG_WARN_DOCUMENTATION_COMMENTS = YES;
				CLANG_WARN_EMPTY_BODY = YES;
				CLANG_WARN_ENUM_CONVERSION = YES;
				CLANG_WARN_INFINITE_RECURSION = YES;
				CLANG_WARN_INT_CONVERSION = YES;
				CLANG_WARN_NON_LITERAL_NULL_CONVERSION = YES;
				CLANG_WARN_OBJC_IMPLICIT_RETAIN_SELF = YES;
				CLANG_WARN_OBJC_LITERAL_CONVERSION = YES;
				CLANG_WARN_OBJC_ROOT_CLASS = YES_ERROR;
				CLANG_WARN_QUOTED_INCLUDE_IN_FRAMEWORK_HEADER = YES;
				CLANG_WARN_RANGE_LOOP_ANALYSIS = YES;
				CLANG_WARN_STRICT_PROTOTYPES = YES;
				CLANG_WARN_SUSPICIOUS_MOVE = YES;
				CLANG_WARN_UNGUARDED_AVAILABILITY = YES_AGGRESSIVE;
				CLANG_WARN_UNREACHABLE_CODE = YES;
				CLANG_WARN__DUPLICATE_METHOD_MATCH = YES;
				COPY_PHASE_STRIP = NO;
				DEBUG_INFORMATION_FORMAT = "dwarf-with-dsym";
				ENABLE_NS_ASSERTIONS = NO;
				ENABLE_STRICT_OBJC_MSGSEND = YES;
				GCC_C_LANGUAGE_STANDARD = gnu11;
				GCC_NO_COMMON_BLOCKS = YES;
				GCC_WARN_64_TO_32_BIT_CONVERSION = YES;
				GCC_WARN_ABOUT_RETURN_TYPE = YES_ERROR;
				GCC_WARN_UNDECLARED_SELECTOR = YES;
				GCC_WARN_UNINITIALIZED_AUTOS = YES_AGGRESSIVE;
				GCC_WARN_UNUSED_FUNCTION = YES;
				GCC_WARN_UNUSED_VARIABLE = YES;
				IPHONEOS_DEPLOYMENT_TARGET = 16.2;
				MTL_ENABLE_DEBUG_INFO = NO;
				MTL_FAST_MATH = YES;
				SDKROOT = iphoneos;
				SWIFT_COMPILATION_MODE = wholemodule;
				SWIFT_OPTIMIZATION_LEVEL = "-O";
				VALIDATE_PRODUCT = YES;
			};
			name = Release;
		};
		73EEA89E29511E5F003CF3DA /* Debug */ = {
			isa = XCBuildConfiguration;
			buildSettings = {
				ASSETCATALOG_COMPILER_APPICON_NAME = "AppIcon 1";
				ASSETCATALOG_COMPILER_GLOBAL_ACCENT_COLOR_NAME = AccentColor;
				CODE_SIGN_IDENTITY = "Apple Development";
				CODE_SIGN_STYLE = Automatic;
				CURRENT_PROJECT_VERSION = 1;
				DEVELOPMENT_ASSET_PATHS = "\"CaloriesMeasurement/Preview Content\"";
				DEVELOPMENT_TEAM = RGY9LRTF2V;
				ENABLE_PREVIEWS = YES;
				GENERATE_INFOPLIST_FILE = YES;
				INFOPLIST_KEY_CFBundleDisplayName = "Calorie measurement";
				INFOPLIST_KEY_UIApplicationSceneManifest_Generation = YES;
				INFOPLIST_KEY_UIApplicationSupportsIndirectInputEvents = YES;
				INFOPLIST_KEY_UILaunchScreen_Generation = YES;
				INFOPLIST_KEY_UISupportedInterfaceOrientations_iPad = "UIInterfaceOrientationPortrait UIInterfaceOrientationPortraitUpsideDown UIInterfaceOrientationLandscapeLeft UIInterfaceOrientationLandscapeRight";
				INFOPLIST_KEY_UISupportedInterfaceOrientations_iPhone = "UIInterfaceOrientationPortrait UIInterfaceOrientationLandscapeLeft UIInterfaceOrientationLandscapeRight";
				LD_RUNPATH_SEARCH_PATHS = (
					"$(inherited)",
					"@executable_path/Frameworks",
				);
				MARKETING_VERSION = 1.0;
				PRODUCT_BUNDLE_IDENTIFIER = com.test.CaloriesMeasurement1988;
				PRODUCT_NAME = "$(TARGET_NAME)";
				PROVISIONING_PROFILE_SPECIFIER = "";
				SWIFT_EMIT_LOC_STRINGS = YES;
				SWIFT_VERSION = 5.0;
				TARGETED_DEVICE_FAMILY = "1,2";
			};
			name = Debug;
		};
		73EEA89F29511E5F003CF3DA /* Release */ = {
			isa = XCBuildConfiguration;
			buildSettings = {
				ASSETCATALOG_COMPILER_APPICON_NAME = "AppIcon 1";
				ASSETCATALOG_COMPILER_GLOBAL_ACCENT_COLOR_NAME = AccentColor;
				CODE_SIGN_IDENTITY = "Apple Development";
				CODE_SIGN_STYLE = Automatic;
				CURRENT_PROJECT_VERSION = 1;
				DEVELOPMENT_ASSET_PATHS = "\"CaloriesMeasurement/Preview Content\"";
				DEVELOPMENT_TEAM = RGY9LRTF2V;
				ENABLE_PREVIEWS = YES;
				GENERATE_INFOPLIST_FILE = YES;
				INFOPLIST_KEY_CFBundleDisplayName = "Calorie measurement";
				INFOPLIST_KEY_UIApplicationSceneManifest_Generation = YES;
				INFOPLIST_KEY_UIApplicationSupportsIndirectInputEvents = YES;
				INFOPLIST_KEY_UILaunchScreen_Generation = YES;
				INFOPLIST_KEY_UISupportedInterfaceOrientations_iPad = "UIInterfaceOrientationPortrait UIInterfaceOrientationPortraitUpsideDown UIInterfaceOrientationLandscapeLeft UIInterfaceOrientationLandscapeRight";
				INFOPLIST_KEY_UISupportedInterfaceOrientations_iPhone = "UIInterfaceOrientationPortrait UIInterfaceOrientationLandscapeLeft UIInterfaceOrientationLandscapeRight";
				LD_RUNPATH_SEARCH_PATHS = (
					"$(inherited)",
					"@executable_path/Frameworks",
				);
				MARKETING_VERSION = 1.0;
				PRODUCT_BUNDLE_IDENTIFIER = com.test.CaloriesMeasurement1988;
				PRODUCT_NAME = "$(TARGET_NAME)";
				PROVISIONING_PROFILE_SPECIFIER = "";
				SWIFT_EMIT_LOC_STRINGS = YES;
				SWIFT_VERSION = 5.0;
				TARGETED_DEVICE_FAMILY = "1,2";
			};
			name = Release;
		};
/* End XCBuildConfiguration section */

/* Begin XCConfigurationList section */
		73EEA87429511E5E003CF3DA /* Build configuration list for PBXProject "CaloriesMeasurement" */ = {
			isa = XCConfigurationList;
			buildConfigurations = (
				73EEA89B29511E5F003CF3DA /* Debug */,
				73EEA89C29511E5F003CF3DA /* Release */,
			);
			defaultConfigurationIsVisible = 0;
			defaultConfigurationName = Release;
		};
		73EEA89D29511E5F003CF3DA /* Build configuration list for PBXNativeTarget "CaloriesMeasurement" */ = {
			isa = XCConfigurationList;
			buildConfigurations = (
				73EEA89E29511E5F003CF3DA /* Debug */,
				73EEA89F29511E5F003CF3DA /* Release */,
			);
			defaultConfigurationIsVisible = 0;
			defaultConfigurationName = Release;
		};
/* End XCConfigurationList section */

/* Begin XCVersionGroup section */
		73EEA8B629512096003CF3DA /* FoodModel.xcdatamodeld */ = {
			isa = XCVersionGroup;
			children = (
				73EEA8B729512096003CF3DA /* FoodModel.xcdatamodel */,
			);
			currentVersion = 73EEA8B729512096003CF3DA /* FoodModel.xcdatamodel */;
			path = FoodModel.xcdatamodeld;
			sourceTree = "<group>";
			versionGroupType = wrapper.xcdatamodel;
		};
/* End XCVersionGroup section */
	};
	rootObject = 73EEA87129511E5E003CF3DA /* Project object */;
}
